
Microsoft Visual Studio Solution File, Format Version 12.00
# Visual Studio Version 17
VisualStudioVersion = 17.14.36414.22 d17.14
MinimumVisualStudioVersion = 10.0.40219.1
Project("{FAE04EC0-301F-11D3-BF4B-00C04F79EFBC}") = "Barlang", "Barlang\Barlang.csproj", "{4BF347F4-E90D-4E07-8D05-BE016DC07FC8}"
EndProject
Global
	GlobalSection(SolutionConfigurationPlatforms) = preSolution
		Debug|Any CPU = Debug|Any CPU
		Release|Any CPU = Release|Any CPU
	EndGlobalSection
	GlobalSection(ProjectConfigurationPlatforms) = postSolution
		{4BF347F4-E90D-4E07-8D05-BE016DC07FC8}.Debug|Any CPU.ActiveCfg = Debug|Any CPU
		{4BF347F4-E90D-4E07-8D05-BE016DC07FC8}.Debug|Any CPU.Build.0 = Debug|Any CPU
		{4BF347F4-E90D-4E07-8D05-BE016DC07FC8}.Release|Any CPU.ActiveCfg = Release|Any CPU
		{4BF347F4-E90D-4E07-8D05-BE016DC07FC8}.Release|Any CPU.Build.0 = Release|Any CPU
	EndGlobalSection
	GlobalSection(SolutionProperties) = preSolution
		HideSolutionNode = FALSE
	EndGlobalSection
	GlobalSection(ExtensibilityGlobals) = postSolution
		SolutionGuid = {1264D088-6223-4586-B4C6-D71AA7C4EB27}
	EndGlobalSection
EndGlobal
